
Microsoft Visual Studio Solution File, Format Version 12.00
# Visual Studio Version 16
VisualStudioVersion = 16.0.32002.261
MinimumVisualStudioVersion = 10.0.40219.1
Project("{FAE04EC0-301F-11D3-BF4B-00C04F79EFBC}") = "Task1", "Task1\Task1.csproj", "{D135007E-1F56-4B85-85AB-5B095BC7DD1A}"
EndProject
Project("{FAE04EC0-301F-11D3-BF4B-00C04F79EFBC}") = "Task2", "Task2\Task2.csproj", "{7576E0F7-CE16-4EDF-8C43-4DF917BC0EF9}"
EndProject
Project("{FAE04EC0-301F-11D3-BF4B-00C04F79EFBC}") = "Task3", "Task3\Task3.csproj", "{892D76D3-BCF8-43D6-B917-C64A26071E0E}"
EndProject
Global
	GlobalSection(SolutionConfigurationPlatforms) = preSolution
		Debug|Any CPU = Debug|Any CPU
		Release|Any CPU = Release|Any CPU
	EndGlobalSection
	GlobalSection(ProjectConfigurationPlatforms) = postSolution
		{D135007E-1F56-4B85-85AB-5B095BC7DD1A}.Debug|Any CPU.ActiveCfg = Debug|Any CPU
		{D135007E-1F56-4B85-85AB-5B095BC7DD1A}.Debug|Any CPU.Build.0 = Debug|Any CPU
		{D135007E-1F56-4B85-85AB-5B095BC7DD1A}.Release|Any CPU.ActiveCfg = Release|Any CPU
		{D135007E-1F56-4B85-85AB-5B095BC7DD1A}.Release|Any CPU.Build.0 = Release|Any CPU
		{7576E0F7-CE16-4EDF-8C43-4DF917BC0EF9}.Debug|Any CPU.ActiveCfg = Debug|Any CPU
		{7576E0F7-CE16-4EDF-8C43-4DF917BC0EF9}.Debug|Any CPU.Build.0 = Debug|Any CPU
		{7576E0F7-CE16-4EDF-8C43-4DF917BC0EF9}.Release|Any CPU.ActiveCfg = Release|Any CPU
		{7576E0F7-CE16-4EDF-8C43-4DF917BC0EF9}.Release|Any CPU.Build.0 = Release|Any CPU
		{892D76D3-BCF8-43D6-B917-C64A26071E0E}.Debug|Any CPU.ActiveCfg = Debug|Any CPU
		{892D76D3-BCF8-43D6-B917-C64A26071E0E}.Debug|Any CPU.Build.0 = Debug|Any CPU
		{892D76D3-BCF8-43D6-B917-C64A26071E0E}.Release|Any CPU.ActiveCfg = Release|Any CPU
		{892D76D3-BCF8-43D6-B917-C64A26071E0E}.Release|Any CPU.Build.0 = Release|Any CPU
	EndGlobalSection
	GlobalSection(SolutionProperties) = preSolution
		HideSolutionNode = FALSE
	EndGlobalSection
	GlobalSection(ExtensibilityGlobals) = postSolution
		SolutionGuid = {9A67A15F-F05B-45AB-951C-B82B5B90174B}
	EndGlobalSection
EndGlobal
